
Microsoft Visual Studio Solution File, Format Version 12.00
# Visual Studio Version 17
VisualStudioVersion = 17.14.36408.4 d17.14
MinimumVisualStudioVersion = 10.0.40219.1
Project("{FAE04EC0-301F-11D3-BF4B-00C04F79EFBC}") = "Metodologias 2025", "Metodologias 2025\Metodologias 2025.csproj", "{41626EF1-85E7-4708-9631-D40DF7D45230}"
EndProject
Global
	GlobalSection(SolutionConfigurationPlatforms) = preSolution
		Debug|Any CPU = Debug|Any CPU
		Release|Any CPU = Release|Any CPU
	EndGlobalSection
	GlobalSection(ProjectConfigurationPlatforms) = postSolution
		{41626EF1-85E7-4708-9631-D40DF7D45230}.Debug|Any CPU.ActiveCfg = Debug|Any CPU
		{41626EF1-85E7-4708-9631-D40DF7D45230}.Debug|Any CPU.Build.0 = Debug|Any CPU
		{41626EF1-85E7-4708-9631-D40DF7D45230}.Release|Any CPU.ActiveCfg = Release|Any CPU
		{41626EF1-85E7-4708-9631-D40DF7D45230}.Release|Any CPU.Build.0 = Release|Any CPU
	EndGlobalSection
	GlobalSection(SolutionProperties) = preSolution
		HideSolutionNode = FALSE
	EndGlobalSection
	GlobalSection(ExtensibilityGlobals) = postSolution
		SolutionGuid = {DD8D32C9-E894-4DF3-9E7F-B274A10A0524}
	EndGlobalSection
EndGlobal
